# THIS IS AN AUTOGENERATED FILE. DO NOT EDIT THIS FILE DIRECTLY.
# yarn lockfile v1

kotlin@^1.3.10:
  version "1.3.10"
  resolved "https://registry.yarnpkg.com/kotlin/-/kotlin-1.3.10.tgz#4faf60df28d24080e561059cc49f7444f93cabc2"
  integrity sha512-7qPjmiIOtNsmWT19vDnB7qCJY54AWzZVZLOns2l9mfoYEtoPL9FVgkAgOiTvc1aHwCUCgxIpH/ssHNnXdRn1Fg==
